
Microsoft Visual Studio Solution File, Format Version 12.00
# Visual Studio 15
VisualStudioVersion = 15.0.28010.2003
MinimumVisualStudioVersion = 10.0.40219.1
Project("{9A19103F-16F7-4668-BE54-9A1E7A4F7556}") = "JarvisEF.FrontUI", "JarvisEF.FrontUI\JarvisEF.FrontUI.csproj", "{48955F84-CBA3-4477-B3C5-6566F1B2D973}"
EndProject
Project("{9A19103F-16F7-4668-BE54-9A1E7A4F7556}") = "JarvisEF.Repository", "JarvisEF.Repository\JarvisEF.Repository.csproj", "{8C35E9C6-B5E7-4DE4-8A90-DB94969D46D4}"
EndProject
Project("{9A19103F-16F7-4668-BE54-9A1E7A4F7556}") = "JarvisEF.Models", "JarvisEF.Models\JarvisEF.Models.csproj", "{E07F322E-44F4-46FE-8A32-67933DC9E132}"
EndProject
Project("{9A19103F-16F7-4668-BE54-9A1E7A4F7556}") = "JarvisEF.Business", "JarvisEF.Business\JarvisEF.Business.csproj", "{63D217F6-F587-4660-9CD0-3918972181D8}"
EndProject
Project("{9A19103F-16F7-4668-BE54-9A1E7A4F7556}") = "JarvisEF.Service", "JarvisEF.Service\JarvisEF.Service.csproj", "{9C083352-A9C6-4B0E-A380-A09527FE4FAD}"
EndProject
Project("{9A19103F-16F7-4668-BE54-9A1E7A4F7556}") = "JarvisEF.WebAPI", "JarvisEF.WebAPI\JarvisEF.WebAPI.csproj", "{E7F3AE5A-AE66-47CE-AFD4-766B59C6DDA5}"
EndProject
Project("{2150E333-8FDC-42A3-9474-1A3956D46DE8}") = "20.Models", "20.Models", "{52525B78-2AAB-41BC-A7E6-CE472AFC189D}"
EndProject
Project("{2150E333-8FDC-42A3-9474-1A3956D46DE8}") = "10.Framework", "10.Framework", "{99B9FD5B-4CE0-4FF4-AA25-9525171A1785}"
EndProject
Project("{2150E333-8FDC-42A3-9474-1A3956D46DE8}") = "80.ETC", "80.ETC", "{89D802DB-AD76-4973-89E2-382F318CA4C8}"
EndProject
Project("{2150E333-8FDC-42A3-9474-1A3956D46DE8}") = "30.Repository", "30.Repository", "{858CC36F-E7EC-498D-99FC-914D6861A72C}"
EndProject
Project("{2150E333-8FDC-42A3-9474-1A3956D46DE8}") = "40.Services", "40.Services", "{EBD70521-6941-46D6-9DE2-5F5BA1D43261}"
EndProject
Project("{2150E333-8FDC-42A3-9474-1A3956D46DE8}") = "99.Tests", "99.Tests", "{38DC3327-8D48-40B4-A334-9E96C79528A3}"
EndProject
Project("{2150E333-8FDC-42A3-9474-1A3956D46DE8}") = "90.Web", "90.Web", "{1D168562-B69F-46E3-964B-8AB7D9C09613}"
EndProject
Project("{FAE04EC0-301F-11D3-BF4B-00C04F79EFBC}") = "Pub-Sub-DesignPattern", "Test\Pub-Sub-DesignPattern\Pub-Sub-DesignPattern.csproj", "{3F1CEFAF-29C8-4D64-998D-B894A26F4EF4}"
EndProject
Project("{9A19103F-16F7-4668-BE54-9A1E7A4F7556}") = "JarvisEF.AdminUI", "JarvisEF.AdminUI\JarvisEF.AdminUI.csproj", "{F0C54CE8-531E-4F9F-AB76-6D65D90EF30F}"
EndProject
Project("{FAE04EC0-301F-11D3-BF4B-00C04F79EFBC}") = "JarvisEF.Core", "JarvisEF.Core\JarvisEF.Core.csproj", "{75C331BB-C036-4C2B-AE29-5361FC543ED5}"
EndProject
Global
	GlobalSection(SolutionConfigurationPlatforms) = preSolution
		Debug|Any CPU = Debug|Any CPU
		Release|Any CPU = Release|Any CPU
	EndGlobalSection
	GlobalSection(ProjectConfigurationPlatforms) = postSolution
		{48955F84-CBA3-4477-B3C5-6566F1B2D973}.Debug|Any CPU.ActiveCfg = Debug|Any CPU
		{48955F84-CBA3-4477-B3C5-6566F1B2D973}.Debug|Any CPU.Build.0 = Debug|Any CPU
		{48955F84-CBA3-4477-B3C5-6566F1B2D973}.Release|Any CPU.ActiveCfg = Release|Any CPU
		{48955F84-CBA3-4477-B3C5-6566F1B2D973}.Release|Any CPU.Build.0 = Release|Any CPU
		{8C35E9C6-B5E7-4DE4-8A90-DB94969D46D4}.Debug|Any CPU.ActiveCfg = Debug|Any CPU
		{8C35E9C6-B5E7-4DE4-8A90-DB94969D46D4}.Debug|Any CPU.Build.0 = Debug|Any CPU
		{8C35E9C6-B5E7-4DE4-8A90-DB94969D46D4}.Release|Any CPU.ActiveCfg = Release|Any CPU
		{8C35E9C6-B5E7-4DE4-8A90-DB94969D46D4}.Release|Any CPU.Build.0 = Release|Any CPU
		{E07F322E-44F4-46FE-8A32-67933DC9E132}.Debug|Any CPU.ActiveCfg = Debug|Any CPU
		{E07F322E-44F4-46FE-8A32-67933DC9E132}.Debug|Any CPU.Build.0 = Debug|Any CPU
		{E07F322E-44F4-46FE-8A32-67933DC9E132}.Release|Any CPU.ActiveCfg = Release|Any CPU
		{E07F322E-44F4-46FE-8A32-67933DC9E132}.Release|Any CPU.Build.0 = Release|Any CPU
		{63D217F6-F587-4660-9CD0-3918972181D8}.Debug|Any CPU.ActiveCfg = Debug|Any CPU
		{63D217F6-F587-4660-9CD0-3918972181D8}.Debug|Any CPU.Build.0 = Debug|Any CPU
		{63D217F6-F587-4660-9CD0-3918972181D8}.Release|Any CPU.ActiveCfg = Release|Any CPU
		{63D217F6-F587-4660-9CD0-3918972181D8}.Release|Any CPU.Build.0 = Release|Any CPU
		{9C083352-A9C6-4B0E-A380-A09527FE4FAD}.Debug|Any CPU.ActiveCfg = Debug|Any CPU
		{9C083352-A9C6-4B0E-A380-A09527FE4FAD}.Debug|Any CPU.Build.0 = Debug|Any CPU
		{9C083352-A9C6-4B0E-A380-A09527FE4FAD}.Release|Any CPU.ActiveCfg = Release|Any CPU
		{9C083352-A9C6-4B0E-A380-A09527FE4FAD}.Release|Any CPU.Build.0 = Release|Any CPU
		{E7F3AE5A-AE66-47CE-AFD4-766B59C6DDA5}.Debug|Any CPU.ActiveCfg = Debug|Any CPU
		{E7F3AE5A-AE66-47CE-AFD4-766B59C6DDA5}.Debug|Any CPU.Build.0 = Debug|Any CPU
		{E7F3AE5A-AE66-47CE-AFD4-766B59C6DDA5}.Release|Any CPU.ActiveCfg = Release|Any CPU
		{E7F3AE5A-AE66-47CE-AFD4-766B59C6DDA5}.Release|Any CPU.Build.0 = Release|Any CPU
		{3F1CEFAF-29C8-4D64-998D-B894A26F4EF4}.Debug|Any CPU.ActiveCfg = Debug|Any CPU
		{3F1CEFAF-29C8-4D64-998D-B894A26F4EF4}.Debug|Any CPU.Build.0 = Debug|Any CPU
		{3F1CEFAF-29C8-4D64-998D-B894A26F4EF4}.Release|Any CPU.ActiveCfg = Release|Any CPU
		{3F1CEFAF-29C8-4D64-998D-B894A26F4EF4}.Release|Any CPU.Build.0 = Release|Any CPU
		{F0C54CE8-531E-4F9F-AB76-6D65D90EF30F}.Debug|Any CPU.ActiveCfg = Debug|Any CPU
		{F0C54CE8-531E-4F9F-AB76-6D65D90EF30F}.Debug|Any CPU.Build.0 = Debug|Any CPU
		{F0C54CE8-531E-4F9F-AB76-6D65D90EF30F}.Release|Any CPU.ActiveCfg = Release|Any CPU
		{F0C54CE8-531E-4F9F-AB76-6D65D90EF30F}.Release|Any CPU.Build.0 = Release|Any CPU
		{75C331BB-C036-4C2B-AE29-5361FC543ED5}.Debug|Any CPU.ActiveCfg = Debug|Any CPU
		{75C331BB-C036-4C2B-AE29-5361FC543ED5}.Debug|Any CPU.Build.0 = Debug|Any CPU
		{75C331BB-C036-4C2B-AE29-5361FC543ED5}.Release|Any CPU.ActiveCfg = Release|Any CPU
		{75C331BB-C036-4C2B-AE29-5361FC543ED5}.Release|Any CPU.Build.0 = Release|Any CPU
	EndGlobalSection
	GlobalSection(SolutionProperties) = preSolution
		HideSolutionNode = FALSE
	EndGlobalSection
	GlobalSection(NestedProjects) = preSolution
		{48955F84-CBA3-4477-B3C5-6566F1B2D973} = {1D168562-B69F-46E3-964B-8AB7D9C09613}
		{8C35E9C6-B5E7-4DE4-8A90-DB94969D46D4} = {858CC36F-E7EC-498D-99FC-914D6861A72C}
		{E07F322E-44F4-46FE-8A32-67933DC9E132} = {52525B78-2AAB-41BC-A7E6-CE472AFC189D}
		{63D217F6-F587-4660-9CD0-3918972181D8} = {52525B78-2AAB-41BC-A7E6-CE472AFC189D}
		{9C083352-A9C6-4B0E-A380-A09527FE4FAD} = {EBD70521-6941-46D6-9DE2-5F5BA1D43261}
		{E7F3AE5A-AE66-47CE-AFD4-766B59C6DDA5} = {1D168562-B69F-46E3-964B-8AB7D9C09613}
		{3F1CEFAF-29C8-4D64-998D-B894A26F4EF4} = {38DC3327-8D48-40B4-A334-9E96C79528A3}
		{F0C54CE8-531E-4F9F-AB76-6D65D90EF30F} = {1D168562-B69F-46E3-964B-8AB7D9C09613}
		{75C331BB-C036-4C2B-AE29-5361FC543ED5} = {99B9FD5B-4CE0-4FF4-AA25-9525171A1785}
	EndGlobalSection
	GlobalSection(ExtensibilityGlobals) = postSolution
		SolutionGuid = {B0B771F1-E120-4547-9B42-A3FFD8E9DD59}
	EndGlobalSection
EndGlobal
